
Microsoft Visual Studio Solution File, Format Version 12.00
# Visual Studio Version 17
VisualStudioVersion = 17.11.35327.3
MinimumVisualStudioVersion = 10.0.40219.1
Project("{9A19103F-16F7-4668-BE54-9A1E7A4F7556}") = "MessageAppClient", "MessageAppClient\MessageAppClient.csproj", "{B9C5CDA3-E21F-4BFA-B915-FDE21DC37563}"
EndProject
Project("{FAE04EC0-301F-11D3-BF4B-00C04F79EFBC}") = "MessageAppServer", "MessageAppServer\MessageAppServer.csproj", "{539DB7F8-B626-48CA-90E5-50CC3D2C589F}"
EndProject
Global
	GlobalSection(SolutionConfigurationPlatforms) = preSolution
		Debug|Any CPU = Debug|Any CPU
		Release|Any CPU = Release|Any CPU
	EndGlobalSection
	GlobalSection(ProjectConfigurationPlatforms) = postSolution
		{B9C5CDA3-E21F-4BFA-B915-FDE21DC37563}.Debug|Any CPU.ActiveCfg = Debug|Any CPU
		{B9C5CDA3-E21F-4BFA-B915-FDE21DC37563}.Debug|Any CPU.Build.0 = Debug|Any CPU
		{B9C5CDA3-E21F-4BFA-B915-FDE21DC37563}.Release|Any CPU.ActiveCfg = Release|Any CPU
		{B9C5CDA3-E21F-4BFA-B915-FDE21DC37563}.Release|Any CPU.Build.0 = Release|Any CPU
		{539DB7F8-B626-48CA-90E5-50CC3D2C589F}.Debug|Any CPU.ActiveCfg = Debug|Any CPU
		{539DB7F8-B626-48CA-90E5-50CC3D2C589F}.Debug|Any CPU.Build.0 = Debug|Any CPU
		{539DB7F8-B626-48CA-90E5-50CC3D2C589F}.Release|Any CPU.ActiveCfg = Release|Any CPU
		{539DB7F8-B626-48CA-90E5-50CC3D2C589F}.Release|Any CPU.Build.0 = Release|Any CPU
	EndGlobalSection
	GlobalSection(SolutionProperties) = preSolution
		HideSolutionNode = FALSE
	EndGlobalSection
	GlobalSection(ExtensibilityGlobals) = postSolution
		SolutionGuid = {EE1D139C-6B51-4FA9-878A-6A033586B0C0}
	EndGlobalSection
EndGlobal
